
Microsoft Visual Studio Solution File, Format Version 12.00
# Visual Studio Version 17
VisualStudioVersion = 17.0.31611.283
MinimumVisualStudioVersion = 10.0.40219.1
Project("{9A19103F-16F7-4668-BE54-9A1E7A4F7556}") = "Text2Txt", "Text2Txt\Text2Txt.csproj", "{8C47C3AC-E7AA-4CB3-A2A7-07A3440E8EE7}"
EndProject
Project("{9A19103F-16F7-4668-BE54-9A1E7A4F7556}") = "Mobile Version", "Mobile Version\Mobile Version.csproj", "{A7AA56FC-01FE-47A0-A0EA-53940671204D}"
EndProject
Project("{FAE04EC0-301F-11D3-BF4B-00C04F79EFBC}") = "UIImp", "UIImp\UIImp.csproj", "{7A403AB1-E1A9-49FC-BBE5-CD9E06431283}"
EndProject
Global
	GlobalSection(SolutionConfigurationPlatforms) = preSolution
		Debug|Any CPU = Debug|Any CPU
		Release|Any CPU = Release|Any CPU
	EndGlobalSection
	GlobalSection(ProjectConfigurationPlatforms) = postSolution
		{8C47C3AC-E7AA-4CB3-A2A7-07A3440E8EE7}.Debug|Any CPU.ActiveCfg = Debug|Any CPU
		{8C47C3AC-E7AA-4CB3-A2A7-07A3440E8EE7}.Debug|Any CPU.Build.0 = Debug|Any CPU
		{8C47C3AC-E7AA-4CB3-A2A7-07A3440E8EE7}.Debug|Any CPU.Deploy.0 = Debug|Any CPU
		{8C47C3AC-E7AA-4CB3-A2A7-07A3440E8EE7}.Release|Any CPU.ActiveCfg = Release|Any CPU
		{8C47C3AC-E7AA-4CB3-A2A7-07A3440E8EE7}.Release|Any CPU.Build.0 = Release|Any CPU
		{8C47C3AC-E7AA-4CB3-A2A7-07A3440E8EE7}.Release|Any CPU.Deploy.0 = Release|Any CPU
		{A7AA56FC-01FE-47A0-A0EA-53940671204D}.Debug|Any CPU.ActiveCfg = Debug|Any CPU
		{A7AA56FC-01FE-47A0-A0EA-53940671204D}.Debug|Any CPU.Build.0 = Debug|Any CPU
		{A7AA56FC-01FE-47A0-A0EA-53940671204D}.Debug|Any CPU.Deploy.0 = Debug|Any CPU
		{A7AA56FC-01FE-47A0-A0EA-53940671204D}.Release|Any CPU.ActiveCfg = Release|Any CPU
		{A7AA56FC-01FE-47A0-A0EA-53940671204D}.Release|Any CPU.Build.0 = Release|Any CPU
		{A7AA56FC-01FE-47A0-A0EA-53940671204D}.Release|Any CPU.Deploy.0 = Release|Any CPU
		{7A403AB1-E1A9-49FC-BBE5-CD9E06431283}.Debug|Any CPU.ActiveCfg = Debug|Any CPU
		{7A403AB1-E1A9-49FC-BBE5-CD9E06431283}.Debug|Any CPU.Build.0 = Debug|Any CPU
		{7A403AB1-E1A9-49FC-BBE5-CD9E06431283}.Debug|Any CPU.Deploy.0 = Debug|Any CPU
		{7A403AB1-E1A9-49FC-BBE5-CD9E06431283}.Release|Any CPU.ActiveCfg = Release|Any CPU
		{7A403AB1-E1A9-49FC-BBE5-CD9E06431283}.Release|Any CPU.Build.0 = Release|Any CPU
		{7A403AB1-E1A9-49FC-BBE5-CD9E06431283}.Release|Any CPU.Deploy.0 = Release|Any CPU
	EndGlobalSection
	GlobalSection(SolutionProperties) = preSolution
		HideSolutionNode = FALSE
	EndGlobalSection
	GlobalSection(ExtensibilityGlobals) = postSolution
		SolutionGuid = {61F7FB11-1E47-470C-91E2-47F8143E1572}
	EndGlobalSection
EndGlobal
